
Microsoft Visual Studio Solution File, Format Version 12.00
# Visual Studio Version 16
VisualStudioVersion = 16.0.29001.49
MinimumVisualStudioVersion = 10.0.40219.1
Project("{FAE04EC0-301F-11D3-BF4B-00C04F79EFBC}") = "Listas", "Listas\Listas.csproj", "{198AE6E1-BE2B-430B-9623-8B6E720CC46E}"
EndProject
Global
	GlobalSection(SolutionConfigurationPlatforms) = preSolution
		Debug|Any CPU = Debug|Any CPU
		Release|Any CPU = Release|Any CPU
	EndGlobalSection
	GlobalSection(ProjectConfigurationPlatforms) = postSolution
		{198AE6E1-BE2B-430B-9623-8B6E720CC46E}.Debug|Any CPU.ActiveCfg = Debug|Any CPU
		{198AE6E1-BE2B-430B-9623-8B6E720CC46E}.Debug|Any CPU.Build.0 = Debug|Any CPU
		{198AE6E1-BE2B-430B-9623-8B6E720CC46E}.Release|Any CPU.ActiveCfg = Release|Any CPU
		{198AE6E1-BE2B-430B-9623-8B6E720CC46E}.Release|Any CPU.Build.0 = Release|Any CPU
	EndGlobalSection
	GlobalSection(SolutionProperties) = preSolution
		HideSolutionNode = FALSE
	EndGlobalSection
	GlobalSection(ExtensibilityGlobals) = postSolution
		SolutionGuid = {C368BFE8-2222-42B8-AD5F-DA1C76A8DB97}
	EndGlobalSection
EndGlobal
